
Microsoft Visual Studio Solution File, Format Version 12.00
# Visual Studio 14
VisualStudioVersion = 14.0.24720.0
MinimumVisualStudioVersion = 10.0.40219.1
Project("{FAE04EC0-301F-11D3-BF4B-00C04F79EFBC}") = "DataAccess", "DataAccess\DataAccess.csproj", "{E0E28C03-0AE2-4489-946B-41B8D04B3B37}"
EndProject
Project("{FAE04EC0-301F-11D3-BF4B-00C04F79EFBC}") = "TempUI", "TempUI\TempUI.csproj", "{78B36A79-486E-4F9C-8978-60914C3FC469}"
EndProject
Project("{2150E333-8FDC-42A3-9474-1A3956D46DE8}") = "Solution Items", "Solution Items", "{57AE8B34-55EE-4DF0-9386-EB1626EC5040}"
	ProjectSection(SolutionItems) = preProject
		Local.testsettings = Local.testsettings
		TraceAndTestImpact.testsettings = TraceAndTestImpact.testsettings
		VirtGabbai.vsmdi = VirtGabbai.vsmdi
	EndProjectSection
EndProject
Project("{FAE04EC0-301F-11D3-BF4B-00C04F79EFBC}") = "DataCache", "DataCache\DataCache.csproj", "{41C40F86-3FAF-415E-BB93-725FD4E4DF0F}"
EndProject
Project("{2150E333-8FDC-42A3-9474-1A3956D46DE8}") = "Unit Tests", "Unit Tests", "{B4EEEB75-B40C-4B25-B754-176FDC7371FA}"
EndProject
Project("{FAE04EC0-301F-11D3-BF4B-00C04F79EFBC}") = "Helpers.UnitTests", "Unit Tests\Helpers.UnitTests\Helpers.UnitTests.csproj", "{18317582-60D4-4BBE-913B-2F1F8FC3199C}"
EndProject
Project("{2150E333-8FDC-42A3-9474-1A3956D46DE8}") = ".nuget", ".nuget", "{EC512831-8048-4D49-B712-22AC5F4B5EA1}"
	ProjectSection(SolutionItems) = preProject
		.nuget\NuGet.Config = .nuget\NuGet.Config
		.nuget\NuGet.exe = .nuget\NuGet.exe
		.nuget\NuGet.targets = .nuget\NuGet.targets
	EndProjectSection
EndProject
Project("{FAE04EC0-301F-11D3-BF4B-00C04F79EFBC}") = "Framework", "Framework\Framework.csproj", "{23F121B4-CA1D-4E7A-B72C-241A93886EAF}"
EndProject
Project("{FAE04EC0-301F-11D3-BF4B-00C04F79EFBC}") = "DataCache.Tests", "Unit Tests\DataCache.Tests\DataCache.Tests.csproj", "{4E1C4A0B-71CB-439D-94E9-452DC5740CF1}"
EndProject
Project("{FAE04EC0-301F-11D3-BF4B-00C04F79EFBC}") = "DataAccess.Tests", "Unit Tests\DataAccess.Tests\DataAccess.Tests.csproj", "{0CACDD5B-2382-48FD-9407-B0F11825517C}"
EndProject
Global
	GlobalSection(SolutionConfigurationPlatforms) = preSolution
		Debug|Any CPU = Debug|Any CPU
		Debug|Mixed Platforms = Debug|Mixed Platforms
		Debug|x86 = Debug|x86
		Release|Any CPU = Release|Any CPU
		Release|Mixed Platforms = Release|Mixed Platforms
		Release|x86 = Release|x86
	EndGlobalSection
	GlobalSection(ProjectConfigurationPlatforms) = postSolution
		{E0E28C03-0AE2-4489-946B-41B8D04B3B37}.Debug|Any CPU.ActiveCfg = Debug|Any CPU
		{E0E28C03-0AE2-4489-946B-41B8D04B3B37}.Debug|Any CPU.Build.0 = Debug|Any CPU
		{E0E28C03-0AE2-4489-946B-41B8D04B3B37}.Debug|Mixed Platforms.ActiveCfg = Debug|Any CPU
		{E0E28C03-0AE2-4489-946B-41B8D04B3B37}.Debug|Mixed Platforms.Build.0 = Debug|Any CPU
		{E0E28C03-0AE2-4489-946B-41B8D04B3B37}.Debug|x86.ActiveCfg = Debug|Any CPU
		{E0E28C03-0AE2-4489-946B-41B8D04B3B37}.Release|Any CPU.ActiveCfg = Release|Any CPU
		{E0E28C03-0AE2-4489-946B-41B8D04B3B37}.Release|Any CPU.Build.0 = Release|Any CPU
		{E0E28C03-0AE2-4489-946B-41B8D04B3B37}.Release|Mixed Platforms.ActiveCfg = Release|Any CPU
		{E0E28C03-0AE2-4489-946B-41B8D04B3B37}.Release|Mixed Platforms.Build.0 = Release|Any CPU
		{E0E28C03-0AE2-4489-946B-41B8D04B3B37}.Release|x86.ActiveCfg = Release|Any CPU
		{78B36A79-486E-4F9C-8978-60914C3FC469}.Debug|Any CPU.ActiveCfg = Debug|x86
		{78B36A79-486E-4F9C-8978-60914C3FC469}.Debug|Mixed Platforms.ActiveCfg = Debug|x86
		{78B36A79-486E-4F9C-8978-60914C3FC469}.Debug|Mixed Platforms.Build.0 = Debug|x86
		{78B36A79-486E-4F9C-8978-60914C3FC469}.Debug|x86.ActiveCfg = Debug|x86
		{78B36A79-486E-4F9C-8978-60914C3FC469}.Debug|x86.Build.0 = Debug|x86
		{78B36A79-486E-4F9C-8978-60914C3FC469}.Release|Any CPU.ActiveCfg = Release|x86
		{78B36A79-486E-4F9C-8978-60914C3FC469}.Release|Mixed Platforms.ActiveCfg = Release|x86
		{78B36A79-486E-4F9C-8978-60914C3FC469}.Release|Mixed Platforms.Build.0 = Release|x86
		{78B36A79-486E-4F9C-8978-60914C3FC469}.Release|x86.ActiveCfg = Release|x86
		{78B36A79-486E-4F9C-8978-60914C3FC469}.Release|x86.Build.0 = Release|x86
		{41C40F86-3FAF-415E-BB93-725FD4E4DF0F}.Debug|Any CPU.ActiveCfg = Debug|Any CPU
		{41C40F86-3FAF-415E-BB93-725FD4E4DF0F}.Debug|Any CPU.Build.0 = Debug|Any CPU
		{41C40F86-3FAF-415E-BB93-725FD4E4DF0F}.Debug|Mixed Platforms.ActiveCfg = Debug|Any CPU
		{41C40F86-3FAF-415E-BB93-725FD4E4DF0F}.Debug|Mixed Platforms.Build.0 = Debug|Any CPU
		{41C40F86-3FAF-415E-BB93-725FD4E4DF0F}.Debug|x86.ActiveCfg = Debug|Any CPU
		{41C40F86-3FAF-415E-BB93-725FD4E4DF0F}.Release|Any CPU.ActiveCfg = Release|Any CPU
		{41C40F86-3FAF-415E-BB93-725FD4E4DF0F}.Release|Any CPU.Build.0 = Release|Any CPU
		{41C40F86-3FAF-415E-BB93-725FD4E4DF0F}.Release|Mixed Platforms.ActiveCfg = Release|Any CPU
		{41C40F86-3FAF-415E-BB93-725FD4E4DF0F}.Release|Mixed Platforms.Build.0 = Release|Any CPU
		{41C40F86-3FAF-415E-BB93-725FD4E4DF0F}.Release|x86.ActiveCfg = Release|Any CPU
		{18317582-60D4-4BBE-913B-2F1F8FC3199C}.Debug|Any CPU.ActiveCfg = Debug|Any CPU
		{18317582-60D4-4BBE-913B-2F1F8FC3199C}.Debug|Any CPU.Build.0 = Debug|Any CPU
		{18317582-60D4-4BBE-913B-2F1F8FC3199C}.Debug|Mixed Platforms.ActiveCfg = Debug|Any CPU
		{18317582-60D4-4BBE-913B-2F1F8FC3199C}.Debug|Mixed Platforms.Build.0 = Debug|Any CPU
		{18317582-60D4-4BBE-913B-2F1F8FC3199C}.Debug|x86.ActiveCfg = Debug|Any CPU
		{18317582-60D4-4BBE-913B-2F1F8FC3199C}.Release|Any CPU.ActiveCfg = Release|Any CPU
		{18317582-60D4-4BBE-913B-2F1F8FC3199C}.Release|Any CPU.Build.0 = Release|Any CPU
		{18317582-60D4-4BBE-913B-2F1F8FC3199C}.Release|Mixed Platforms.ActiveCfg = Release|Any CPU
		{18317582-60D4-4BBE-913B-2F1F8FC3199C}.Release|Mixed Platforms.Build.0 = Release|Any CPU
		{18317582-60D4-4BBE-913B-2F1F8FC3199C}.Release|x86.ActiveCfg = Release|Any CPU
		{23F121B4-CA1D-4E7A-B72C-241A93886EAF}.Debug|Any CPU.ActiveCfg = Debug|Any CPU
		{23F121B4-CA1D-4E7A-B72C-241A93886EAF}.Debug|Any CPU.Build.0 = Debug|Any CPU
		{23F121B4-CA1D-4E7A-B72C-241A93886EAF}.Debug|Mixed Platforms.ActiveCfg = Debug|Any CPU
		{23F121B4-CA1D-4E7A-B72C-241A93886EAF}.Debug|Mixed Platforms.Build.0 = Debug|Any CPU
		{23F121B4-CA1D-4E7A-B72C-241A93886EAF}.Debug|x86.ActiveCfg = Debug|Any CPU
		{23F121B4-CA1D-4E7A-B72C-241A93886EAF}.Debug|x86.Build.0 = Debug|Any CPU
		{23F121B4-CA1D-4E7A-B72C-241A93886EAF}.Release|Any CPU.ActiveCfg = Release|Any CPU
		{23F121B4-CA1D-4E7A-B72C-241A93886EAF}.Release|Any CPU.Build.0 = Release|Any CPU
		{23F121B4-CA1D-4E7A-B72C-241A93886EAF}.Release|Mixed Platforms.ActiveCfg = Release|Any CPU
		{23F121B4-CA1D-4E7A-B72C-241A93886EAF}.Release|Mixed Platforms.Build.0 = Release|Any CPU
		{23F121B4-CA1D-4E7A-B72C-241A93886EAF}.Release|x86.ActiveCfg = Release|Any CPU
		{23F121B4-CA1D-4E7A-B72C-241A93886EAF}.Release|x86.Build.0 = Release|Any CPU
		{4E1C4A0B-71CB-439D-94E9-452DC5740CF1}.Debug|Any CPU.ActiveCfg = Debug|Any CPU
		{4E1C4A0B-71CB-439D-94E9-452DC5740CF1}.Debug|Any CPU.Build.0 = Debug|Any CPU
		{4E1C4A0B-71CB-439D-94E9-452DC5740CF1}.Debug|Mixed Platforms.ActiveCfg = Debug|Any CPU
		{4E1C4A0B-71CB-439D-94E9-452DC5740CF1}.Debug|Mixed Platforms.Build.0 = Debug|Any CPU
		{4E1C4A0B-71CB-439D-94E9-452DC5740CF1}.Debug|x86.ActiveCfg = Debug|Any CPU
		{4E1C4A0B-71CB-439D-94E9-452DC5740CF1}.Debug|x86.Build.0 = Debug|Any CPU
		{4E1C4A0B-71CB-439D-94E9-452DC5740CF1}.Release|Any CPU.ActiveCfg = Release|Any CPU
		{4E1C4A0B-71CB-439D-94E9-452DC5740CF1}.Release|Any CPU.Build.0 = Release|Any CPU
		{4E1C4A0B-71CB-439D-94E9-452DC5740CF1}.Release|Mixed Platforms.ActiveCfg = Release|Any CPU
		{4E1C4A0B-71CB-439D-94E9-452DC5740CF1}.Release|Mixed Platforms.Build.0 = Release|Any CPU
		{4E1C4A0B-71CB-439D-94E9-452DC5740CF1}.Release|x86.ActiveCfg = Release|Any CPU
		{4E1C4A0B-71CB-439D-94E9-452DC5740CF1}.Release|x86.Build.0 = Release|Any CPU
		{0CACDD5B-2382-48FD-9407-B0F11825517C}.Debug|Any CPU.ActiveCfg = Debug|Any CPU
		{0CACDD5B-2382-48FD-9407-B0F11825517C}.Debug|Any CPU.Build.0 = Debug|Any CPU
		{0CACDD5B-2382-48FD-9407-B0F11825517C}.Debug|Mixed Platforms.ActiveCfg = Debug|Any CPU
		{0CACDD5B-2382-48FD-9407-B0F11825517C}.Debug|Mixed Platforms.Build.0 = Debug|Any CPU
		{0CACDD5B-2382-48FD-9407-B0F11825517C}.Debug|x86.ActiveCfg = Debug|Any CPU
		{0CACDD5B-2382-48FD-9407-B0F11825517C}.Debug|x86.Build.0 = Debug|Any CPU
		{0CACDD5B-2382-48FD-9407-B0F11825517C}.Release|Any CPU.ActiveCfg = Release|Any CPU
		{0CACDD5B-2382-48FD-9407-B0F11825517C}.Release|Any CPU.Build.0 = Release|Any CPU
		{0CACDD5B-2382-48FD-9407-B0F11825517C}.Release|Mixed Platforms.ActiveCfg = Release|Any CPU
		{0CACDD5B-2382-48FD-9407-B0F11825517C}.Release|Mixed Platforms.Build.0 = Release|Any CPU
		{0CACDD5B-2382-48FD-9407-B0F11825517C}.Release|x86.ActiveCfg = Release|Any CPU
		{0CACDD5B-2382-48FD-9407-B0F11825517C}.Release|x86.Build.0 = Release|Any CPU
	EndGlobalSection
	GlobalSection(SolutionProperties) = preSolution
		HideSolutionNode = FALSE
	EndGlobalSection
	GlobalSection(NestedProjects) = preSolution
		{18317582-60D4-4BBE-913B-2F1F8FC3199C} = {B4EEEB75-B40C-4B25-B754-176FDC7371FA}
		{4E1C4A0B-71CB-439D-94E9-452DC5740CF1} = {B4EEEB75-B40C-4B25-B754-176FDC7371FA}
		{0CACDD5B-2382-48FD-9407-B0F11825517C} = {B4EEEB75-B40C-4B25-B754-176FDC7371FA}
	EndGlobalSection
	GlobalSection(TestCaseManagementSettings) = postSolution
		CategoryFile = VirtGabbai.vsmdi
	EndGlobalSection
EndGlobal
